// !$*UTF8*$!
{
	archiveVersion = 1;
	classes = {
	};
	objectVersion = 50;
	objects = {

/* Begin PBXBuildFile section */
		D30A64872294584E005F3D74 /* AppDelegate.swift in Sources */ = {isa = PBXBuildFile; fileRef = D30A64862294584E005F3D74 /* AppDelegate.swift */; };
		D30A64892294584E005F3D74 /* ViewController.swift in Sources */ = {isa = PBXBuildFile; fileRef = D30A64882294584E005F3D74 /* ViewController.swift */; };
		D30A648C2294584E005F3D74 /* Main.storyboard in Resources */ = {isa = PBXBuildFile; fileRef = D30A648A2294584E005F3D74 /* Main.storyboard */; };
		D30A648E22945850005F3D74 /* Assets.xcassets in Resources */ = {isa = PBXBuildFile; fileRef = D30A648D22945850005F3D74 /* Assets.xcassets */; };
		D30A649122945850005F3D74 /* LaunchScreen.storyboard in Resources */ = {isa = PBXBuildFile; fileRef = D30A648F22945850005F3D74 /* LaunchScreen.storyboard */; };
		D30A649A229458FB005F3D74 /* SafariServices.framework in Frameworks */ = {isa = PBXBuildFile; fileRef = D30A6499229458FB005F3D74 /* SafariServices.framework */; };
		D30A649C22945B1F005F3D74 /* WebKit.framework in Frameworks */ = {isa = PBXBuildFile; fileRef = D30A649B22945B1F005F3D74 /* WebKit.framework */; };
/* End PBXBuildFile section */

/* Begin PBXFileReference section */
		D30A64832294584E005F3D74 /* microphone-access-wkwebview.app */ = {isa = PBXFileReference; explicitFileType = wrapper.application; includeInIndex = 0; path = "microphone-access-wkwebview.app"; sourceTree = BUILT_PRODUCTS_DIR; };
		D30A64862294584E005F3D74 /* AppDelegate.swift */ = {isa = PBXFileReference; lastKnownFileType = sourcecode.swift; path = AppDelegate.swift; sourceTree = "<group>"; };
		D30A64882294584E005F3D74 /* ViewController.swift */ = {isa = PBXFileReference; lastKnownFileType = sourcecode.swift; path = ViewController.swift; sourceTree = "<group>"; };
		D30A648B2294584E005F3D74 /* Base */ = {isa = PBXFileReference; lastKnownFileType = file.storyboard; name = Base; path = Base.lproj/Main.storyboard; sourceTree = "<group>"; };
		D30A648D22945850005F3D74 /* Assets.xcassets */ = {isa = PBXFileReference; lastKnownFileType = folder.assetcatalog; path = Assets.xcassets; sourceTree = "<group>"; };
		D30A649022945850005F3D74 /* Base */ = {isa = PBXFileReference; lastKnownFileType = file.storyboard; name = Base; path = Base.lproj/LaunchScreen.storyboard; sourceTree = "<group>"; };
		D30A649222945850005F3D74 /* Info.plist */ = {isa = PBXFileReference; lastKnownFileType = text.plist.xml; path = Info.plist; sourceTree = "<group>"; };
		D30A6499229458FB005F3D74 /* SafariServices.framework */ = {isa = PBXFileReference; lastKnownFileType = wrapper.framework; name = SafariServices.framework; path = System/Library/Frameworks/SafariServices.framework; sourceTree = SDKROOT; };
		D30A649B22945B1F005F3D74 /* WebKit.framework */ = {isa = PBXFileReference; lastKnownFileType = wrapper.framework; name = WebKit.framework; path = System/Library/Frameworks/WebKit.framework; sourceTree = SDKROOT; };
/* End PBXFileReference section */

/* Begin PBXFrameworksBuildPhase section */
		D30A64802294584E005F3D74 /* Frameworks */ = {
			isa = PBXFrameworksBuildPhase;
			buildActionMask = 2147483647;
			files = (
				D30A649C22945B1F005F3D74 /* WebKit.framework in Frameworks */,
				D30A649A229458FB005F3D74 /* SafariServices.framework in Frameworks */,
			);
			runOnlyForDeploymentPostprocessing = 0;
		};
/* End PBXFrameworksBuildPhase section */

/* Begin PBXGroup section */
		D30A647A2294584E005F3D74 = {
			isa = PBXGroup;
			children = (
				D30A64852294584E005F3D74 /* microphone-access-wkwebview */,
				D30A64842294584E005F3D74 /* Products */,
				D30A6498229458FB005F3D74 /* Frameworks */,
			);
			sourceTree = "<group>";
		};
		D30A64842294584E005F3D74 /* Products */ = {
			isa = PBXGroup;
			children = (
				D30A64832294584E005F3D74 /* microphone-access-wkwebview.app */,
			);
			name = Products;
			sourceTree = "<group>";
		};
		D30A64852294584E005F3D74 /* microphone-access-wkwebview */ = {
			isa = PBXGroup;
			children = (
				D30A64862294584E005F3D74 /* AppDelegate.swift */,
				D30A64882294584E005F3D74 /* ViewController.swift */,
				D30A648A2294584E005F3D74 /* Main.storyboard */,
				D30A648D22945850005F3D74 /* Assets.xcassets */,
				D30A648F22945850005F3D74 /* LaunchScreen.storyboard */,
				D30A649222945850005F3D74 /* Info.plist */,
			);
			path = "microphone-access-wkwebview";
			sourceTree = "<group>";
		};
		D30A6498229458FB005F3D74 /* Frameworks */ = {
			isa = PBXGroup;
			children = (
				D30A649B22945B1F005F3D74 /* WebKit.framework */,
				D30A6499229458FB005F3D74 /* SafariServices.framework */,
			);
			name = Frameworks;
			sourceTree = "<group>";
		};
/* End PBXGroup section */

/* Begin PBXNativeTarget section */
		D30A64822294584E005F3D74 /* microphone-access-wkwebview */ = {
			isa = PBXNativeTarget;
			buildConfigurationList = D30A649522945850005F3D74 /* Build configuration list for PBXNativeTarget "microphone-access-wkwebview" */;
			buildPhases = (
				D30A647F2294584E005F3D74 /* Sources */,
				D30A64802294584E005F3D74 /* Frameworks */,
				D30A64812294584E005F3D74 /* Resources */,
			);
			buildRules = (
			);
			dependencies = (
			);
			name = "microphone-access-wkwebview";
			productName = "microphone-access-wkwebview";
			productReference = D30A64832294584E005F3D74 /* microphone-access-wkwebview.app */;
			productType = "com.apple.product-type.application";
		};
/* End PBXNativeTarget section */

/* Begin PBXProject section */
		D30A647B2294584E005F3D74 /* Project object */ = {
			isa = PBXProject;
			attributes = {
				LastSwiftUpdateCheck = 1020;
				LastUpgradeCheck = 1020;
				TargetAttributes = {
					D30A64822294584E005F3D74 = {
						CreatedOnToolsVersion = 10.2.1;
					};
				};
			};
			buildConfigurationList = D30A647E2294584E005F3D74 /* Build configuration list for PBXProject "microphone-access-wkwebview" */;
			compatibilityVersion = "Xcode 9.3";
			developmentRegion = en;
			hasScannedForEncodings = 0;
			knownRegions = (
				en,
				Base,
			);
			mainGroup = D30A647A2294584E005F3D74;
			productRefGroup = D30A64842294584E005F3D74 /* Products */;
			projectDirPath = "";
			projectRoot = "";
			targets = (
				D30A64822294584E005F3D74 /* microphone-access-wkwebview */,
			);
		};
/* End PBXProject section */

/* Begin PBXResourcesBuildPhase section */
		D30A64812294584E005F3D74 /* Resources */ = {
			isa = PBXResourcesBuildPhase;
			buildActionMask = 2147483647;
			files = (
				D30A649122945850005F3D74 /* LaunchScreen.storyboard in Resources */,
				D30A648E22945850005F3D74 /* Assets.xcassets in Resources */,
				D30A648C2294584E005F3D74 /* Main.storyboard in Resources */,
			);
			runOnlyForDeploymentPostprocessing = 0;
		};
/* End PBXResourcesBuildPhase section */

/* Begin PBXSourcesBuildPhase section */
		D30A647F2294584E005F3D74 /* Sources */ = {
			isa = PBXSourcesBuildPhase;
			buildActionMask = 2147483647;
			files = (
				D30A64892294584E005F3D74 /* ViewController.swift in Sources */,
				D30A64872294584E005F3D74 /* AppDelegate.swift in Sources */,
			);
			runOnlyForDeploymentPostprocessing = 0;
		};
/* End PBXSourcesBuildPhase section */

/* Begin PBXVariantGroup section */
		D30A648A2294584E005F3D74 /* Main.storyboard */ = {
			isa = PBXVariantGroup;
			children = (
				D30A648B2294584E005F3D74 /* Base */,
			);
			name = Main.storyboard;
			sourceTree = "<group>";
		};
		D30A648F22945850005F3D74 /* LaunchScreen.storyboard */ = {
			isa = PBXVariantGroup;
			children = (
				D30A649022945850005F3D74 /* Base */,
			);
			name = LaunchScreen.storyboard;
			sourceTree = "<group>";
		};
/* End PBXVariantGroup section */

/* Begin XCBuildConfiguration section */
		D30A649322945850005F3D74 /* Debug */ = {
			isa = XCBuildConfiguration;
			buildSettings = {
				ALWAYS_SEARCH_USER_PATHS = NO;
				CLANG_ANALYZER_NONNULL = YES;
				CLANG_ANALYZER_NUMBER_OBJECT_CONVERSION = YES_AGGRESSIVE;
				CLANG_CXX_LANGUAGE_STANDARD = "gnu++14";
				CLANG_CXX_LIBRARY = "libc++";
				CLANG_ENABLE_MODULES = YES;
				CLANG_ENABLE_OBJC_ARC = YES;
				CLANG_ENABLE_OBJC_WEAK = YES;
				CLANG_WARN_BLOCK_CAPTURE_AUTORELEASING = YES;
				CLANG_WARN_BOOL_CONVERSION = YES;
				CLANG_WARN_COMMA = YES;
				CLANG_WARN_CONSTANT_CONVERSION = YES;
				CLANG_WARN_DEPRECATED_OBJC_IMPLEMENTATIONS = YES;
				CLANG_WARN_DIRECT_OBJC_ISA_USAGE = YES_ERROR;
				CLANG_WARN_DOCUMENTATION_COMMENTS = YES;
				CLANG_WARN_EMPTY_BODY = YES;
				CLANG_WARN_ENUM_CONVERSION = YES;
				CLANG_WARN_INFINITE_RECURSION = YES;
				CLANG_WARN_INT_CONVERSION = YES;
				CLANG_WARN_NON_LITERAL_NULL_CONVERSION = YES;
				CLANG_WARN_OBJC_IMPLICIT_RETAIN_SELF = YES;
				CLANG_WARN_OBJC_LITERAL_CONVERSION = YES;
				CLANG_WARN_OBJC_ROOT_CLASS = YES_ERROR;
				CLANG_WARN_RANGE_LOOP_ANALYSIS = YES;
				CLANG_WARN_STRICT_PROTOTYPES = YES;
				CLANG_WARN_SUSPICIOUS_MOVE = YES;
				CLANG_WARN_UNGUARDED_AVAILABILITY = YES_AGGRESSIVE;
				CLANG_WARN_UNREACHABLE_CODE = YES;
				CLANG_WARN__DUPLICATE_METHOD_MATCH = YES;
				CODE_SIGN_IDENTITY = "iPhone Developer";
				COPY_PHASE_STRIP = NO;
				DEBUG_INFORMATION_FORMAT = dwarf;
				ENABLE_STRICT_OBJC_MSGSEND = YES;
				ENABLE_TESTABILITY = YES;
				GCC_C_LANGUAGE_STANDARD = gnu11;
				GCC_DYNAMIC_NO_PIC = NO;
				GCC_NO_COMMON_BLOCKS = YES;
				GCC_OPTIMIZATION_LEVEL = 0;
				GCC_PREPROCESSOR_DEFINITIONS = (
					"DEBUG=1",
					"$(inherited)",
				);
				GCC_WARN_64_TO_32_BIT_CONVERSION = YES;
				GCC_WARN_ABOUT_RETURN_TYPE = YES_ERROR;
				GCC_WARN_UNDECLARED_SELECTOR = YES;
				GCC_WARN_UNINITIALIZED_AUTOS = YES_AGGRESSIVE;
				GCC_WARN_UNUSED_FUNCTION = YES;
				GCC_WARN_UNUSED_VARIABLE = YES;
				IPHONEOS_DEPLOYMENT_TARGET = 12.2;
				MTL_ENABLE_DEBUG_INFO = INCLUDE_SOURCE;
				MTL_FAST_MATH = YES;
				ONLY_ACTIVE_ARCH = YES;
				SDKROOT = iphoneos;
				SWIFT_ACTIVE_COMPILATION_CONDITIONS = DEBUG;
				SWIFT_OPTIMIZATION_LEVEL = "-Onone";
			};
			name = Debug;
		};
		D30A649422945850005F3D74 /* Release */ = {
			isa = XCBuildConfiguration;
			buildSettings = {
				ALWAYS_SEARCH_USER_PATHS = NO;
				CLANG_ANALYZER_NONNULL = YES;
				CLANG_ANALYZER_NUMBER_OBJECT_CONVERSION = YES_AGGRESSIVE;
				CLANG_CXX_LANGUAGE_STANDARD = "gnu++14";
				CLANG_CXX_LIBRARY = "libc++";
				CLANG_ENABLE_MODULES = YES;
				CLANG_ENABLE_OBJC_ARC = YES;
				CLANG_ENABLE_OBJC_WEAK = YES;
				CLANG_WARN_BLOCK_CAPTURE_AUTORELEASING = YES;
				CLANG_WARN_BOOL_CONVERSION = YES;
				CLANG_WARN_COMMA = YES;
				CLANG_WARN_CONSTANT_CONVERSION = YES;
				CLANG_WARN_DEPRECATED_OBJC_IMPLEMENTATIONS = YES;
				CLANG_WARN_DIRECT_OBJC_ISA_USAGE = YES_ERROR;
				CLANG_WARN_DOCUMENTATION_COMMENTS = YES;
				CLANG_WARN_EMPTY_BODY = YES;
				CLANG_WARN_ENUM_CONVERSION = YES;
				CLANG_WARN_INFINITE_RECURSION = YES;
				CLANG_WARN_INT_CONVERSION = YES;
				CLANG_WARN_NON_LITERAL_NULL_CONVERSION = YES;
				CLANG_WARN_OBJC_IMPLICIT_RETAIN_SELF = YES;
				CLANG_WARN_OBJC_LITERAL_CONVERSION = YES;
				CLANG_WARN_OBJC_ROOT_CLASS = YES_ERROR;
				CLANG_WARN_RANGE_LOOP_ANALYSIS = YES;
				CLANG_WARN_STRICT_PROTOTYPES = YES;
				CLANG_WARN_SUSPICIOUS_MOVE = YES;
				CLANG_WARN_UNGUARDED_AVAILABILITY = YES_AGGRESSIVE;
				CLANG_WARN_UNREACHABLE_CODE = YES;
				CLANG_WARN__DUPLICATE_METHOD_MATCH = YES;
				CODE_SIGN_IDENTITY = "iPhone Developer";
				COPY_PHASE_STRIP = NO;
				DEBUG_INFORMATION_FORMAT = "dwarf-with-dsym";
				ENABLE_NS_ASSERTIONS = NO;
				ENABLE_STRICT_OBJC_MSGSEND = YES;
				GCC_C_LANGUAGE_STANDARD = gnu11;
				GCC_NO_COMMON_BLOCKS = YES;
				GCC_WARN_64_TO_32_BIT_CONVERSION = YES;
				GCC_WARN_ABOUT_RETURN_TYPE = YES_ERROR;
				GCC_WARN_UNDECLARED_SELECTOR = YES;
				GCC_WARN_UNINITIALIZED_AUTOS = YES_AGGRESSIVE;
				GCC_WARN_UNUSED_FUNCTION = YES;
				GCC_WARN_UNUSED_VARIABLE = YES;
				IPHONEOS_DEPLOYMENT_TARGET = 12.2;
				MTL_ENABLE_DEBUG_INFO = NO;
				MTL_FAST_MATH = YES;
				SDKROOT = iphoneos;
				SWIFT_COMPILATION_MODE = wholemodule;
				SWIFT_OPTIMIZATION_LEVEL = "-O";
				VALIDATE_PRODUCT = YES;
			};
			name = Release;
		};
		D30A649622945850005F3D74 /* Debug */ = {
			isa = XCBuildConfiguration;
			buildSettings = {
				ASSETCATALOG_COMPILER_APPICON_NAME = AppIcon;
				CODE_SIGN_STYLE = Automatic;
				DEVELOPMENT_TEAM = HU8CS4MVFP;
				INFOPLIST_FILE = "microphone-access-wkwebview/Info.plist";
				LD_RUNPATH_SEARCH_PATHS = (
					"$(inherited)",
					"@executable_path/Frameworks",
				);
				PRODUCT_BUNDLE_IDENTIFIER = "com.aw.microphone-access-wkwebview";
				PRODUCT_NAME = "$(TARGET_NAME)";
				SWIFT_VERSION = 5.0;
				TARGETED_DEVICE_FAMILY = "1,2";
			};
			name = Debug;
		};
		D30A649722945850005F3D74 /* Release */ = {
			isa = XCBuildConfiguration;
			buildSettings = {
				ASSETCATALOG_COMPILER_APPICON_NAME = AppIcon;
				CODE_SIGN_STYLE = Automatic;
				DEVELOPMENT_TEAM = HU8CS4MVFP;
				INFOPLIST_FILE = "microphone-access-wkwebview/Info.plist";
				LD_RUNPATH_SEARCH_PATHS = (
					"$(inherited)",
					"@executable_path/Frameworks",
				);
				PRODUCT_BUNDLE_IDENTIFIER = "com.aw.microphone-access-wkwebview";
				PRODUCT_NAME = "$(TARGET_NAME)";
				SWIFT_VERSION = 5.0;
				TARGETED_DEVICE_FAMILY = "1,2";
			};
			name = Release;
		};
/* End XCBuildConfiguration section */

/* Begin XCConfigurationList section */
		D30A647E2294584E005F3D74 /* Build configuration list for PBXProject "microphone-access-wkwebview" */ = {
			isa = XCConfigurationList;
			buildConfigurations = (
				D30A649322945850005F3D74 /* Debug */,
				D30A649422945850005F3D74 /* Release */,
			);
			defaultConfigurationIsVisible = 0;
			defaultConfigurationName = Release;
		};
		D30A649522945850005F3D74 /* Build configuration list for PBXNativeTarget "microphone-access-wkwebview" */ = {
			isa = XCConfigurationList;
			buildConfigurations = (
				D30A649622945850005F3D74 /* Debug */,
				D30A649722945850005F3D74 /* Release */,
			);
			defaultConfigurationIsVisible = 0;
			defaultConfigurationName = Release;
		};
/* End XCConfigurationList section */
	};
	rootObject = D30A647B2294584E005F3D74 /* Project object */;
}
